
Microsoft Visual Studio Solution File, Format Version 12.00
Project("{FAE04EC0-301F-11D3-BF4B-00C04F79EFBC}") = "TestApp", "TestApp\TestApp.csproj", "{F29A460C-7B27-48D6-AACE-DCEC3855E6C8}"
EndProject
Global
	GlobalSection(SolutionConfigurationPlatforms) = preSolution
		Debug|Any CPU = Debug|Any CPU
		Release|Any CPU = Release|Any CPU
	EndGlobalSection
	GlobalSection(ProjectConfigurationPlatforms) = postSolution
		{F29A460C-7B27-48D6-AACE-DCEC3855E6C8}.Debug|Any CPU.ActiveCfg = Debug|Any CPU
		{F29A460C-7B27-48D6-AACE-DCEC3855E6C8}.Debug|Any CPU.Build.0 = Debug|Any CPU
		{F29A460C-7B27-48D6-AACE-DCEC3855E6C8}.Release|Any CPU.ActiveCfg = Release|Any CPU
		{F29A460C-7B27-48D6-AACE-DCEC3855E6C8}.Release|Any CPU.Build.0 = Release|Any CPU
	EndGlobalSection
EndGlobal
